
Microsoft Visual Studio Solution File, Format Version 12.00
# Visual Studio 15
VisualStudioVersion = 15.0.27703.2047
MinimumVisualStudioVersion = 10.0.40219.1
Project("{8BC9CEB8-8B4A-11D0-8D11-00A0C91BC942}") = "Week5_pointers_2", "Week5_pointers_2.vcxproj", "{1F8AE14B-10B8-4FE5-9961-01D180736DF3}"
EndProject
Global
	GlobalSection(SolutionConfigurationPlatforms) = preSolution
		Debug|x64 = Debug|x64
		Debug|x86 = Debug|x86
		Release|x64 = Release|x64
		Release|x86 = Release|x86
	EndGlobalSection
	GlobalSection(ProjectConfigurationPlatforms) = postSolution
		{1F8AE14B-10B8-4FE5-9961-01D180736DF3}.Debug|x64.ActiveCfg = Debug|x64
		{1F8AE14B-10B8-4FE5-9961-01D180736DF3}.Debug|x64.Build.0 = Debug|x64
		{1F8AE14B-10B8-4FE5-9961-01D180736DF3}.Debug|x86.ActiveCfg = Debug|Win32
		{1F8AE14B-10B8-4FE5-9961-01D180736DF3}.Debug|x86.Build.0 = Debug|Win32
		{1F8AE14B-10B8-4FE5-9961-01D180736DF3}.Release|x64.ActiveCfg = Release|x64
		{1F8AE14B-10B8-4FE5-9961-01D180736DF3}.Release|x64.Build.0 = Release|x64
		{1F8AE14B-10B8-4FE5-9961-01D180736DF3}.Release|x86.ActiveCfg = Release|Win32
		{1F8AE14B-10B8-4FE5-9961-01D180736DF3}.Release|x86.Build.0 = Release|Win32
	EndGlobalSection
	GlobalSection(SolutionProperties) = preSolution
		HideSolutionNode = FALSE
	EndGlobalSection
	GlobalSection(ExtensibilityGlobals) = postSolution
		SolutionGuid = {217E2FD6-1C7D-494A-8C7E-EC7035C52720}
	EndGlobalSection
EndGlobal
